// !$*UTF8*$!
{
	archiveVersion = 1;
	classes = {
	};
	objectVersion = 50;
	objects = {

/* Begin PBXBuildFile section */
		0D9F31622745AF88FEF5B6E9 /* Pods_STEMExpo.framework in Frameworks */ = {isa = PBXBuildFile; fileRef = 21D19CB202373BA7A283EB46 /* Pods_STEMExpo.framework */; };
		32378ACFD388CD7870D9C06C /* Pods_STEMExpoTests.framework in Frameworks */ = {isa = PBXBuildFile; fileRef = 9F58E413499DF5344724D4AC /* Pods_STEMExpoTests.framework */; };
		A20E9595237C8843002E1990 /* AppDelegate.swift in Sources */ = {isa = PBXBuildFile; fileRef = A20E9594237C8843002E1990 /* AppDelegate.swift */; };
		A20E9597237C8843002E1990 /* SceneDelegate.swift in Sources */ = {isa = PBXBuildFile; fileRef = A20E9596237C8843002E1990 /* SceneDelegate.swift */; };
		A20E9599237C8843002E1990 /* ViewController.swift in Sources */ = {isa = PBXBuildFile; fileRef = A20E9598237C8843002E1990 /* ViewController.swift */; };
		A20E959C237C8843002E1990 /* Main.storyboard in Resources */ = {isa = PBXBuildFile; fileRef = A20E959A237C8843002E1990 /* Main.storyboard */; };
		A20E959E237C8844002E1990 /* Assets.xcassets in Resources */ = {isa = PBXBuildFile; fileRef = A20E959D237C8844002E1990 /* Assets.xcassets */; };
		A20E95A1237C8844002E1990 /* LaunchScreen.storyboard in Resources */ = {isa = PBXBuildFile; fileRef = A20E959F237C8844002E1990 /* LaunchScreen.storyboard */; };
		A20E95AC237C8844002E1990 /* STEMExpoTests.swift in Sources */ = {isa = PBXBuildFile; fileRef = A20E95AB237C8844002E1990 /* STEMExpoTests.swift */; };
		A20E95B7237C931E002E1990 /* stemEXPO.swift in Sources */ = {isa = PBXBuildFile; fileRef = A20E95B6237C931E002E1990 /* stemEXPO.swift */; };
		A232F021238D9ED10045E75E /* Checkbox.swift in Sources */ = {isa = PBXBuildFile; fileRef = A232F020238D9ED10045E75E /* Checkbox.swift */; };
		A2444B11237CF75300F82478 /* DetailViewController.swift in Sources */ = {isa = PBXBuildFile; fileRef = A2444B10237CF75300F82478 /* DetailViewController.swift */; };
		A27A5C87238EE02700A4B55C /* GoogleService-Info.plist in Resources */ = {isa = PBXBuildFile; fileRef = A27A5C86238EE02700A4B55C /* GoogleService-Info.plist */; };
/* End PBXBuildFile section */

/* Begin PBXContainerItemProxy section */
		A20E95A8237C8844002E1990 /* PBXContainerItemProxy */ = {
			isa = PBXContainerItemProxy;
			containerPortal = A20E9589237C8843002E1990 /* Project object */;
			proxyType = 1;
			remoteGlobalIDString = A20E9590237C8843002E1990;
			remoteInfo = STEMExpo;
		};
/* End PBXContainerItemProxy section */

/* Begin PBXFileReference section */
		02BDDAA8A4DBFB58EB6FFC20 /* Pods-STEMExpoTests.debug.xcconfig */ = {isa = PBXFileReference; includeInIndex = 1; lastKnownFileType = text.xcconfig; name = "Pods-STEMExpoTests.debug.xcconfig"; path = "Target Support Files/Pods-STEMExpoTests/Pods-STEMExpoTests.debug.xcconfig"; sourceTree = "<group>"; };
		21D19CB202373BA7A283EB46 /* Pods_STEMExpo.framework */ = {isa = PBXFileReference; explicitFileType = wrapper.framework; includeInIndex = 0; path = Pods_STEMExpo.framework; sourceTree = BUILT_PRODUCTS_DIR; };
		59815DA1E3B212517620EEDC /* Pods-STEMExpo.debug.xcconfig */ = {isa = PBXFileReference; includeInIndex = 1; lastKnownFileType = text.xcconfig; name = "Pods-STEMExpo.debug.xcconfig"; path = "Target Support Files/Pods-STEMExpo/Pods-STEMExpo.debug.xcconfig"; sourceTree = "<group>"; };
		5F1F81170EAB359E192640DF /* Pods-STEMExpoTests.release.xcconfig */ = {isa = PBXFileReference; includeInIndex = 1; lastKnownFileType = text.xcconfig; name = "Pods-STEMExpoTests.release.xcconfig"; path = "Target Support Files/Pods-STEMExpoTests/Pods-STEMExpoTests.release.xcconfig"; sourceTree = "<group>"; };
		6522CF2107E73B7AA71246A4 /* Pods-STEMExpo.release.xcconfig */ = {isa = PBXFileReference; includeInIndex = 1; lastKnownFileType = text.xcconfig; name = "Pods-STEMExpo.release.xcconfig"; path = "Target Support Files/Pods-STEMExpo/Pods-STEMExpo.release.xcconfig"; sourceTree = "<group>"; };
		9F58E413499DF5344724D4AC /* Pods_STEMExpoTests.framework */ = {isa = PBXFileReference; explicitFileType = wrapper.framework; includeInIndex = 0; path = Pods_STEMExpoTests.framework; sourceTree = BUILT_PRODUCTS_DIR; };
		A20E9591237C8843002E1990 /* STEMExpo.app */ = {isa = PBXFileReference; explicitFileType = wrapper.application; includeInIndex = 0; path = STEMExpo.app; sourceTree = BUILT_PRODUCTS_DIR; };
		A20E9594237C8843002E1990 /* AppDelegate.swift */ = {isa = PBXFileReference; lastKnownFileType = sourcecode.swift; path = AppDelegate.swift; sourceTree = "<group>"; };
		A20E9596237C8843002E1990 /* SceneDelegate.swift */ = {isa = PBXFileReference; lastKnownFileType = sourcecode.swift; path = SceneDelegate.swift; sourceTree = "<group>"; };
		A20E9598237C8843002E1990 /* ViewController.swift */ = {isa = PBXFileReference; lastKnownFileType = sourcecode.swift; path = ViewController.swift; sourceTree = "<group>"; };
		A20E959B237C8843002E1990 /* Base */ = {isa = PBXFileReference; lastKnownFileType = file.storyboard; name = Base; path = Base.lproj/Main.storyboard; sourceTree = "<group>"; };
		A20E959D237C8844002E1990 /* Assets.xcassets */ = {isa = PBXFileReference; lastKnownFileType = folder.assetcatalog; path = Assets.xcassets; sourceTree = "<group>"; };
		A20E95A0237C8844002E1990 /* Base */ = {isa = PBXFileReference; lastKnownFileType = file.storyboard; name = Base; path = Base.lproj/LaunchScreen.storyboard; sourceTree = "<group>"; };
		A20E95A2237C8844002E1990 /* Info.plist */ = {isa = PBXFileReference; lastKnownFileType = text.plist.xml; path = Info.plist; sourceTree = "<group>"; };
		A20E95A7237C8844002E1990 /* STEMExpoTests.xctest */ = {isa = PBXFileReference; explicitFileType = wrapper.cfbundle; includeInIndex = 0; path = STEMExpoTests.xctest; sourceTree = BUILT_PRODUCTS_DIR; };
		A20E95AB237C8844002E1990 /* STEMExpoTests.swift */ = {isa = PBXFileReference; lastKnownFileType = sourcecode.swift; path = STEMExpoTests.swift; sourceTree = "<group>"; };
		A20E95AD237C8844002E1990 /* Info.plist */ = {isa = PBXFileReference; lastKnownFileType = text.plist.xml; path = Info.plist; sourceTree = "<group>"; };
		A20E95B6237C931E002E1990 /* stemEXPO.swift */ = {isa = PBXFileReference; lastKnownFileType = sourcecode.swift; path = stemEXPO.swift; sourceTree = "<group>"; };
		A232F020238D9ED10045E75E /* Checkbox.swift */ = {isa = PBXFileReference; fileEncoding = 4; lastKnownFileType = sourcecode.swift; path = Checkbox.swift; sourceTree = "<group>"; };
		A2444B10237CF75300F82478 /* DetailViewController.swift */ = {isa = PBXFileReference; lastKnownFileType = sourcecode.swift; path = DetailViewController.swift; sourceTree = "<group>"; };
		A27A5C86238EE02700A4B55C /* GoogleService-Info.plist */ = {isa = PBXFileReference; fileEncoding = 4; lastKnownFileType = text.plist.xml; path = "GoogleService-Info.plist"; sourceTree = "<group>"; };
/* End PBXFileReference section */

/* Begin PBXFrameworksBuildPhase section */
		A20E958E237C8843002E1990 /* Frameworks */ = {
			isa = PBXFrameworksBuildPhase;
			buildActionMask = 2147483647;
			files = (
				0D9F31622745AF88FEF5B6E9 /* Pods_STEMExpo.framework in Frameworks */,
			);
			runOnlyForDeploymentPostprocessing = 0;
		};
		A20E95A4237C8844002E1990 /* Frameworks */ = {
			isa = PBXFrameworksBuildPhase;
			buildActionMask = 2147483647;
			files = (
				32378ACFD388CD7870D9C06C /* Pods_STEMExpoTests.framework in Frameworks */,
			);
			runOnlyForDeploymentPostprocessing = 0;
		};
/* End PBXFrameworksBuildPhase section */

/* Begin PBXGroup section */
		33A38E2D115185D681DD7C77 /* Pods */ = {
			isa = PBXGroup;
			children = (
				59815DA1E3B212517620EEDC /* Pods-STEMExpo.debug.xcconfig */,
				6522CF2107E73B7AA71246A4 /* Pods-STEMExpo.release.xcconfig */,
				02BDDAA8A4DBFB58EB6FFC20 /* Pods-STEMExpoTests.debug.xcconfig */,
				5F1F81170EAB359E192640DF /* Pods-STEMExpoTests.release.xcconfig */,
			);
			path = Pods;
			sourceTree = "<group>";
		};
		56432C567C856FB90D203B70 /* Frameworks */ = {
			isa = PBXGroup;
			children = (
				21D19CB202373BA7A283EB46 /* Pods_STEMExpo.framework */,
				9F58E413499DF5344724D4AC /* Pods_STEMExpoTests.framework */,
			);
			name = Frameworks;
			sourceTree = "<group>";
		};
		A20E9588237C8843002E1990 = {
			isa = PBXGroup;
			children = (
				A20E9593237C8843002E1990 /* STEMExpo */,
				A20E95AA237C8844002E1990 /* STEMExpoTests */,
				A20E9592237C8843002E1990 /* Products */,
				33A38E2D115185D681DD7C77 /* Pods */,
				56432C567C856FB90D203B70 /* Frameworks */,
			);
			sourceTree = "<group>";
		};
		A20E9592237C8843002E1990 /* Products */ = {
			isa = PBXGroup;
			children = (
				A20E9591237C8843002E1990 /* STEMExpo.app */,
				A20E95A7237C8844002E1990 /* STEMExpoTests.xctest */,
			);
			name = Products;
			sourceTree = "<group>";
		};
		A20E9593237C8843002E1990 /* STEMExpo */ = {
			isa = PBXGroup;
			children = (
				A27A5C86238EE02700A4B55C /* GoogleService-Info.plist */,
				A232F020238D9ED10045E75E /* Checkbox.swift */,
				A20E9594237C8843002E1990 /* AppDelegate.swift */,
				A20E9596237C8843002E1990 /* SceneDelegate.swift */,
				A20E9598237C8843002E1990 /* ViewController.swift */,
				A20E95B6237C931E002E1990 /* stemEXPO.swift */,
				A20E959A237C8843002E1990 /* Main.storyboard */,
				A2444B10237CF75300F82478 /* DetailViewController.swift */,
				A20E959D237C8844002E1990 /* Assets.xcassets */,
				A20E959F237C8844002E1990 /* LaunchScreen.storyboard */,
				A20E95A2237C8844002E1990 /* Info.plist */,
			);
			path = STEMExpo;
			sourceTree = "<group>";
		};
		A20E95AA237C8844002E1990 /* STEMExpoTests */ = {
			isa = PBXGroup;
			children = (
				A20E95AB237C8844002E1990 /* STEMExpoTests.swift */,
				A20E95AD237C8844002E1990 /* Info.plist */,
			);
			path = STEMExpoTests;
			sourceTree = "<group>";
		};
/* End PBXGroup section */

/* Begin PBXNativeTarget section */
		A20E9590237C8843002E1990 /* STEMExpo */ = {
			isa = PBXNativeTarget;
			buildConfigurationList = A20E95B0237C8844002E1990 /* Build configuration list for PBXNativeTarget "STEMExpo" */;
			buildPhases = (
				D6846389721D1F24D6C596E6 /* [CP] Check Pods Manifest.lock */,
				A20E958D237C8843002E1990 /* Sources */,
				A20E958E237C8843002E1990 /* Frameworks */,
				A20E958F237C8843002E1990 /* Resources */,
				BE59CF3D99A385FD825CF0B4 /* [CP] Embed Pods Frameworks */,
			);
			buildRules = (
			);
			dependencies = (
			);
			name = STEMExpo;
			productName = STEMExpo;
			productReference = A20E9591237C8843002E1990 /* STEMExpo.app */;
			productType = "com.apple.product-type.application";
		};
		A20E95A6237C8844002E1990 /* STEMExpoTests */ = {
			isa = PBXNativeTarget;
			buildConfigurationList = A20E95B3237C8844002E1990 /* Build configuration list for PBXNativeTarget "STEMExpoTests" */;
			buildPhases = (
				D83E1A5303561717B4AE6805 /* [CP] Check Pods Manifest.lock */,
				A20E95A3237C8844002E1990 /* Sources */,
				A20E95A4237C8844002E1990 /* Frameworks */,
				A20E95A5237C8844002E1990 /* Resources */,
			);
			buildRules = (
			);
			dependencies = (
				A20E95A9237C8844002E1990 /* PBXTargetDependency */,
			);
			name = STEMExpoTests;
			productName = STEMExpoTests;
			productReference = A20E95A7237C8844002E1990 /* STEMExpoTests.xctest */;
			productType = "com.apple.product-type.bundle.unit-test";
		};
/* End PBXNativeTarget section */

/* Begin PBXProject section */
		A20E9589237C8843002E1990 /* Project object */ = {
			isa = PBXProject;
			attributes = {
				LastSwiftUpdateCheck = 1120;
				LastUpgradeCheck = 1120;
				ORGANIZATIONNAME = brad.hontz;
				TargetAttributes = {
					A20E9590237C8843002E1990 = {
						CreatedOnToolsVersion = 11.2.1;
					};
					A20E95A6237C8844002E1990 = {
						CreatedOnToolsVersion = 11.2.1;
						TestTargetID = A20E9590237C8843002E1990;
					};
				};
			};
			buildConfigurationList = A20E958C237C8843002E1990 /* Build configuration list for PBXProject "STEMExpo" */;
			compatibilityVersion = "Xcode 9.3";
			developmentRegion = en;
			hasScannedForEncodings = 0;
			knownRegions = (
				en,
				Base,
			);
			mainGroup = A20E9588237C8843002E1990;
			productRefGroup = A20E9592237C8843002E1990 /* Products */;
			projectDirPath = "";
			projectRoot = "";
			targets = (
				A20E9590237C8843002E1990 /* STEMExpo */,
				A20E95A6237C8844002E1990 /* STEMExpoTests */,
			);
		};
/* End PBXProject section */

/* Begin PBXResourcesBuildPhase section */
		A20E958F237C8843002E1990 /* Resources */ = {
			isa = PBXResourcesBuildPhase;
			buildActionMask = 2147483647;
			files = (
				A20E95A1237C8844002E1990 /* LaunchScreen.storyboard in Resources */,
				A27A5C87238EE02700A4B55C /* GoogleService-Info.plist in Resources */,
				A20E959E237C8844002E1990 /* Assets.xcassets in Resources */,
				A20E959C237C8843002E1990 /* Main.storyboard in Resources */,
			);
			runOnlyForDeploymentPostprocessing = 0;
		};
		A20E95A5237C8844002E1990 /* Resources */ = {
			isa = PBXResourcesBuildPhase;
			buildActionMask = 2147483647;
			files = (
			);
			runOnlyForDeploymentPostprocessing = 0;
		};
/* End PBXResourcesBuildPhase section */

/* Begin PBXShellScriptBuildPhase section */
		BE59CF3D99A385FD825CF0B4 /* [CP] Embed Pods Frameworks */ = {
			isa = PBXShellScriptBuildPhase;
			buildActionMask = 2147483647;
			files = (
			);
			inputFileListPaths = (
			);
			inputPaths = (
				"${PODS_ROOT}/Target Support Files/Pods-STEMExpo/Pods-STEMExpo-frameworks.sh",
				"${BUILT_PRODUCTS_DIR}/GoogleUtilities/GoogleUtilities.framework",
				"${BUILT_PRODUCTS_DIR}/nanopb/nanopb.framework",
			);
			name = "[CP] Embed Pods Frameworks";
			outputFileListPaths = (
			);
			outputPaths = (
				"${TARGET_BUILD_DIR}/${FRAMEWORKS_FOLDER_PATH}/GoogleUtilities.framework",
				"${TARGET_BUILD_DIR}/${FRAMEWORKS_FOLDER_PATH}/nanopb.framework",
			);
			runOnlyForDeploymentPostprocessing = 0;
			shellPath = /bin/sh;
			shellScript = "\"${PODS_ROOT}/Target Support Files/Pods-STEMExpo/Pods-STEMExpo-frameworks.sh\"\n";
			showEnvVarsInLog = 0;
		};
		D6846389721D1F24D6C596E6 /* [CP] Check Pods Manifest.lock */ = {
			isa = PBXShellScriptBuildPhase;
			buildActionMask = 2147483647;
			files = (
			);
			inputFileListPaths = (
			);
			inputPaths = (
				"${PODS_PODFILE_DIR_PATH}/Podfile.lock",
				"${PODS_ROOT}/Manifest.lock",
			);
			name = "[CP] Check Pods Manifest.lock";
			outputFileListPaths = (
			);
			outputPaths = (
				"$(DERIVED_FILE_DIR)/Pods-STEMExpo-checkManifestLockResult.txt",
			);
			runOnlyForDeploymentPostprocessing = 0;
			shellPath = /bin/sh;
			shellScript = "diff \"${PODS_PODFILE_DIR_PATH}/Podfile.lock\" \"${PODS_ROOT}/Manifest.lock\" > /dev/null\nif [ $? != 0 ] ; then\n    # print error to STDERR\n    echo \"error: The sandbox is not in sync with the Podfile.lock. Run 'pod install' or update your CocoaPods installation.\" >&2\n    exit 1\nfi\n# This output is used by Xcode 'outputs' to avoid re-running this script phase.\necho \"SUCCESS\" > \"${SCRIPT_OUTPUT_FILE_0}\"\n";
			showEnvVarsInLog = 0;
		};
		D83E1A5303561717B4AE6805 /* [CP] Check Pods Manifest.lock */ = {
			isa = PBXShellScriptBuildPhase;
			buildActionMask = 2147483647;
			files = (
			);
			inputFileListPaths = (
			);
			inputPaths = (
				"${PODS_PODFILE_DIR_PATH}/Podfile.lock",
				"${PODS_ROOT}/Manifest.lock",
			);
			name = "[CP] Check Pods Manifest.lock";
			outputFileListPaths = (
			);
			outputPaths = (
				"$(DERIVED_FILE_DIR)/Pods-STEMExpoTests-checkManifestLockResult.txt",
			);
			runOnlyForDeploymentPostprocessing = 0;
			shellPath = /bin/sh;
			shellScript = "diff \"${PODS_PODFILE_DIR_PATH}/Podfile.lock\" \"${PODS_ROOT}/Manifest.lock\" > /dev/null\nif [ $? != 0 ] ; then\n    # print error to STDERR\n    echo \"error: The sandbox is not in sync with the Podfile.lock. Run 'pod install' or update your CocoaPods installation.\" >&2\n    exit 1\nfi\n# This output is used by Xcode 'outputs' to avoid re-running this script phase.\necho \"SUCCESS\" > \"${SCRIPT_OUTPUT_FILE_0}\"\n";
			showEnvVarsInLog = 0;
		};
/* End PBXShellScriptBuildPhase section */

/* Begin PBXSourcesBuildPhase section */
		A20E958D237C8843002E1990 /* Sources */ = {
			isa = PBXSourcesBuildPhase;
			buildActionMask = 2147483647;
			files = (
				A20E9599237C8843002E1990 /* ViewController.swift in Sources */,
				A20E9595237C8843002E1990 /* AppDelegate.swift in Sources */,
				A232F021238D9ED10045E75E /* Checkbox.swift in Sources */,
				A2444B11237CF75300F82478 /* DetailViewController.swift in Sources */,
				A20E95B7237C931E002E1990 /* stemEXPO.swift in Sources */,
				A20E9597237C8843002E1990 /* SceneDelegate.swift in Sources */,
			);
			runOnlyForDeploymentPostprocessing = 0;
		};
		A20E95A3237C8844002E1990 /* Sources */ = {
			isa = PBXSourcesBuildPhase;
			buildActionMask = 2147483647;
			files = (
				A20E95AC237C8844002E1990 /* STEMExpoTests.swift in Sources */,
			);
			runOnlyForDeploymentPostprocessing = 0;
		};
/* End PBXSourcesBuildPhase section */

/* Begin PBXTargetDependency section */
		A20E95A9237C8844002E1990 /* PBXTargetDependency */ = {
			isa = PBXTargetDependency;
			target = A20E9590237C8843002E1990 /* STEMExpo */;
			targetProxy = A20E95A8237C8844002E1990 /* PBXContainerItemProxy */;
		};
/* End PBXTargetDependency section */

/* Begin PBXVariantGroup section */
		A20E959A237C8843002E1990 /* Main.storyboard */ = {
			isa = PBXVariantGroup;
			children = (
				A20E959B237C8843002E1990 /* Base */,
			);
			name = Main.storyboard;
			sourceTree = "<group>";
		};
		A20E959F237C8844002E1990 /* LaunchScreen.storyboard */ = {
			isa = PBXVariantGroup;
			children = (
				A20E95A0237C8844002E1990 /* Base */,
			);
			name = LaunchScreen.storyboard;
			sourceTree = "<group>";
		};
/* End PBXVariantGroup section */

/* Begin XCBuildConfiguration section */
		A20E95AE237C8844002E1990 /* Debug */ = {
			isa = XCBuildConfiguration;
			buildSettings = {
				ALWAYS_SEARCH_USER_PATHS = NO;
				CLANG_ANALYZER_NONNULL = YES;
				CLANG_ANALYZER_NUMBER_OBJECT_CONVERSION = YES_AGGRESSIVE;
				CLANG_CXX_LANGUAGE_STANDARD = "gnu++14";
				CLANG_CXX_LIBRARY = "libc++";
				CLANG_ENABLE_MODULES = YES;
				CLANG_ENABLE_OBJC_ARC = YES;
				CLANG_ENABLE_OBJC_WEAK = YES;
				CLANG_WARN_BLOCK_CAPTURE_AUTORELEASING = YES;
				CLANG_WARN_BOOL_CONVERSION = YES;
				CLANG_WARN_COMMA = YES;
				CLANG_WARN_CONSTANT_CONVERSION = YES;
				CLANG_WARN_DEPRECATED_OBJC_IMPLEMENTATIONS = YES;
				CLANG_WARN_DIRECT_OBJC_ISA_USAGE = YES_ERROR;
				CLANG_WARN_DOCUMENTATION_COMMENTS = YES;
				CLANG_WARN_EMPTY_BODY = YES;
				CLANG_WARN_ENUM_CONVERSION = YES;
				CLANG_WARN_INFINITE_RECURSION = YES;
				CLANG_WARN_INT_CONVERSION = YES;
				CLANG_WARN_NON_LITERAL_NULL_CONVERSION = YES;
				CLANG_WARN_OBJC_IMPLICIT_RETAIN_SELF = YES;
				CLANG_WARN_OBJC_LITERAL_CONVERSION = YES;
				CLANG_WARN_OBJC_ROOT_CLASS = YES_ERROR;
				CLANG_WARN_RANGE_LOOP_ANALYSIS = YES;
				CLANG_WARN_STRICT_PROTOTYPES = YES;
				CLANG_WARN_SUSPICIOUS_MOVE = YES;
				CLANG_WARN_UNGUARDED_AVAILABILITY = YES_AGGRESSIVE;
				CLANG_WARN_UNREACHABLE_CODE = YES;
				CLANG_WARN__DUPLICATE_METHOD_MATCH = YES;
				COPY_PHASE_STRIP = NO;
				DEBUG_INFORMATION_FORMAT = dwarf;
				ENABLE_STRICT_OBJC_MSGSEND = YES;
				ENABLE_TESTABILITY = YES;
				GCC_C_LANGUAGE_STANDARD = gnu11;
				GCC_DYNAMIC_NO_PIC = NO;
				GCC_NO_COMMON_BLOCKS = YES;
				GCC_OPTIMIZATION_LEVEL = 0;
				GCC_PREPROCESSOR_DEFINITIONS = (
					"DEBUG=1",
					"$(inherited)",
				);
				GCC_WARN_64_TO_32_BIT_CONVERSION = YES;
				GCC_WARN_ABOUT_RETURN_TYPE = YES_ERROR;
				GCC_WARN_UNDECLARED_SELECTOR = YES;
				GCC_WARN_UNINITIALIZED_AUTOS = YES_AGGRESSIVE;
				GCC_WARN_UNUSED_FUNCTION = YES;
				GCC_WARN_UNUSED_VARIABLE = YES;
				IPHONEOS_DEPLOYMENT_TARGET = 13.2;
				MTL_ENABLE_DEBUG_INFO = INCLUDE_SOURCE;
				MTL_FAST_MATH = YES;
				ONLY_ACTIVE_ARCH = YES;
				SDKROOT = iphoneos;
				SWIFT_ACTIVE_COMPILATION_CONDITIONS = DEBUG;
				SWIFT_OPTIMIZATION_LEVEL = "-Onone";
			};
			name = Debug;
		};
		A20E95AF237C8844002E1990 /* Release */ = {
			isa = XCBuildConfiguration;
			buildSettings = {
				ALWAYS_SEARCH_USER_PATHS = NO;
				CLANG_ANALYZER_NONNULL = YES;
				CLANG_ANALYZER_NUMBER_OBJECT_CONVERSION = YES_AGGRESSIVE;
				CLANG_CXX_LANGUAGE_STANDARD = "gnu++14";
				CLANG_CXX_LIBRARY = "libc++";
				CLANG_ENABLE_MODULES = YES;
				CLANG_ENABLE_OBJC_ARC = YES;
				CLANG_ENABLE_OBJC_WEAK = YES;
				CLANG_WARN_BLOCK_CAPTURE_AUTORELEASING = YES;
				CLANG_WARN_BOOL_CONVERSION = YES;
				CLANG_WARN_COMMA = YES;
				CLANG_WARN_CONSTANT_CONVERSION = YES;
				CLANG_WARN_DEPRECATED_OBJC_IMPLEMENTATIONS = YES;
				CLANG_WARN_DIRECT_OBJC_ISA_USAGE = YES_ERROR;
				CLANG_WARN_DOCUMENTATION_COMMENTS = YES;
				CLANG_WARN_EMPTY_BODY = YES;
				CLANG_WARN_ENUM_CONVERSION = YES;
				CLANG_WARN_INFINITE_RECURSION = YES;
				CLANG_WARN_INT_CONVERSION = YES;
				CLANG_WARN_NON_LITERAL_NULL_CONVERSION = YES;
				CLANG_WARN_OBJC_IMPLICIT_RETAIN_SELF = YES;
				CLANG_WARN_OBJC_LITERAL_CONVERSION = YES;
				CLANG_WARN_OBJC_ROOT_CLASS = YES_ERROR;
				CLANG_WARN_RANGE_LOOP_ANALYSIS = YES;
				CLANG_WARN_STRICT_PROTOTYPES = YES;
				CLANG_WARN_SUSPICIOUS_MOVE = YES;
				CLANG_WARN_UNGUARDED_AVAILABILITY = YES_AGGRESSIVE;
				CLANG_WARN_UNREACHABLE_CODE = YES;
				CLANG_WARN__DUPLICATE_METHOD_MATCH = YES;
				COPY_PHASE_STRIP = NO;
				DEBUG_INFORMATION_FORMAT = "dwarf-with-dsym";
				ENABLE_NS_ASSERTIONS = NO;
				ENABLE_STRICT_OBJC_MSGSEND = YES;
				GCC_C_LANGUAGE_STANDARD = gnu11;
				GCC_NO_COMMON_BLOCKS = YES;
				GCC_WARN_64_TO_32_BIT_CONVERSION = YES;
				GCC_WARN_ABOUT_RETURN_TYPE = YES_ERROR;
				GCC_WARN_UNDECLARED_SELECTOR = YES;
				GCC_WARN_UNINITIALIZED_AUTOS = YES_AGGRESSIVE;
				GCC_WARN_UNUSED_FUNCTION = YES;
				GCC_WARN_UNUSED_VARIABLE = YES;
				IPHONEOS_DEPLOYMENT_TARGET = 13.2;
				MTL_ENABLE_DEBUG_INFO = NO;
				MTL_FAST_MATH = YES;
				SDKROOT = iphoneos;
				SWIFT_COMPILATION_MODE = wholemodule;
				SWIFT_OPTIMIZATION_LEVEL = "-O";
				VALIDATE_PRODUCT = YES;
			};
			name = Release;
		};
		A20E95B1237C8844002E1990 /* Debug */ = {
			isa = XCBuildConfiguration;
			baseConfigurationReference = 59815DA1E3B212517620EEDC /* Pods-STEMExpo.debug.xcconfig */;
			buildSettings = {
				ASSETCATALOG_COMPILER_APPICON_NAME = AppIcon;
				CODE_SIGN_STYLE = Automatic;
				DEVELOPMENT_TEAM = Y72GG46X97;
				INFOPLIST_FILE = STEMExpo/Info.plist;
				IPHONEOS_DEPLOYMENT_TARGET = 13.0;
				LD_RUNPATH_SEARCH_PATHS = (
					"$(inherited)",
					"@executable_path/Frameworks",
				);
				PRODUCT_BUNDLE_IDENTIFIER = com.pinpointview.STEMExpo;
				PRODUCT_NAME = "$(TARGET_NAME)";
				SWIFT_VERSION = 5.0;
				TARGETED_DEVICE_FAMILY = "1,2";
			};
			name = Debug;
		};
		A20E95B2237C8844002E1990 /* Release */ = {
			isa = XCBuildConfiguration;
			baseConfigurationReference = 6522CF2107E73B7AA71246A4 /* Pods-STEMExpo.release.xcconfig */;
			buildSettings = {
				ASSETCATALOG_COMPILER_APPICON_NAME = AppIcon;
				CODE_SIGN_STYLE = Automatic;
				DEVELOPMENT_TEAM = Y72GG46X97;
				INFOPLIST_FILE = STEMExpo/Info.plist;
				IPHONEOS_DEPLOYMENT_TARGET = 13.0;
				LD_RUNPATH_SEARCH_PATHS = (
					"$(inherited)",
					"@executable_path/Frameworks",
				);
				PRODUCT_BUNDLE_IDENTIFIER = com.pinpointview.STEMExpo;
				PRODUCT_NAME = "$(TARGET_NAME)";
				SWIFT_VERSION = 5.0;
				TARGETED_DEVICE_FAMILY = "1,2";
			};
			name = Release;
		};
		A20E95B4237C8844002E1990 /* Debug */ = {
			isa = XCBuildConfiguration;
			baseConfigurationReference = 02BDDAA8A4DBFB58EB6FFC20 /* Pods-STEMExpoTests.debug.xcconfig */;
			buildSettings = {
				ALWAYS_EMBED_SWIFT_STANDARD_LIBRARIES = YES;
				BUNDLE_LOADER = "$(TEST_HOST)";
				CODE_SIGN_STYLE = Automatic;
				DEVELOPMENT_TEAM = Y72GG46X97;
				INFOPLIST_FILE = STEMExpoTests/Info.plist;
				IPHONEOS_DEPLOYMENT_TARGET = 13.2;
				LD_RUNPATH_SEARCH_PATHS = (
					"$(inherited)",
					"@executable_path/Frameworks",
					"@loader_path/Frameworks",
				);
				PRODUCT_BUNDLE_IDENTIFIER = com.pinpointview.STEMExpoTests;
				PRODUCT_NAME = "$(TARGET_NAME)";
				SWIFT_VERSION = 5.0;
				TARGETED_DEVICE_FAMILY = "1,2";
				TEST_HOST = "$(BUILT_PRODUCTS_DIR)/STEMExpo.app/STEMExpo";
			};
			name = Debug;
		};
		A20E95B5237C8844002E1990 /* Release */ = {
			isa = XCBuildConfiguration;
			baseConfigurationReference = 5F1F81170EAB359E192640DF /* Pods-STEMExpoTests.release.xcconfig */;
			buildSettings = {
				ALWAYS_EMBED_SWIFT_STANDARD_LIBRARIES = YES;
				BUNDLE_LOADER = "$(TEST_HOST)";
				CODE_SIGN_STYLE = Automatic;
				DEVELOPMENT_TEAM = Y72GG46X97;
				INFOPLIST_FILE = STEMExpoTests/Info.plist;
				IPHONEOS_DEPLOYMENT_TARGET = 13.2;
				LD_RUNPATH_SEARCH_PATHS = (
					"$(inherited)",
					"@executable_path/Frameworks",
					"@loader_path/Frameworks",
				);
				PRODUCT_BUNDLE_IDENTIFIER = com.pinpointview.STEMExpoTests;
				PRODUCT_NAME = "$(TARGET_NAME)";
				SWIFT_VERSION = 5.0;
				TARGETED_DEVICE_FAMILY = "1,2";
				TEST_HOST = "$(BUILT_PRODUCTS_DIR)/STEMExpo.app/STEMExpo";
			};
			name = Release;
		};
/* End XCBuildConfiguration section */

/* Begin XCConfigurationList section */
		A20E958C237C8843002E1990 /* Build configuration list for PBXProject "STEMExpo" */ = {
			isa = XCConfigurationList;
			buildConfigurations = (
				A20E95AE237C8844002E1990 /* Debug */,
				A20E95AF237C8844002E1990 /* Release */,
			);
			defaultConfigurationIsVisible = 0;
			defaultConfigurationName = Release;
		};
		A20E95B0237C8844002E1990 /* Build configuration list for PBXNativeTarget "STEMExpo" */ = {
			isa = XCConfigurationList;
			buildConfigurations = (
				A20E95B1237C8844002E1990 /* Debug */,
				A20E95B2237C8844002E1990 /* Release */,
			);
			defaultConfigurationIsVisible = 0;
			defaultConfigurationName = Release;
		};
		A20E95B3237C8844002E1990 /* Build configuration list for PBXNativeTarget "STEMExpoTests" */ = {
			isa = XCConfigurationList;
			buildConfigurations = (
				A20E95B4237C8844002E1990 /* Debug */,
				A20E95B5237C8844002E1990 /* Release */,
			);
			defaultConfigurationIsVisible = 0;
			defaultConfigurationName = Release;
		};
/* End XCConfigurationList section */
	};
	rootObject = A20E9589237C8843002E1990 /* Project object */;
}
